
Microsoft Visual Studio Solution File, Format Version 12.00
# Visual Studio 14
VisualStudioVersion = 14.0.25123.0
MinimumVisualStudioVersion = 10.0.40219.1
Project("{FAE04EC0-301F-11D3-BF4B-00C04F79EFBC}") = "SpecChecker.CoreLibrary", "src\SpecChecker.CoreLibrary\SpecChecker.CoreLibrary.csproj", "{9A24BFFE-210B-4477-B36D-81B3AA6DB354}"
EndProject
Project("{FAE04EC0-301F-11D3-BF4B-00C04F79EFBC}") = "SpecChecker.ConsoleApp", "src\SpecChecker.ConsoleApp\SpecChecker.ConsoleApp.csproj", "{85D32B98-F06B-482B-A4D2-A2D30BFF457A}"
EndProject
Project("{FAE04EC0-301F-11D3-BF4B-00C04F79EFBC}") = "SpecChecker.WebLib", "src\SpecChecker.WebLib\SpecChecker.WebLib.csproj", "{E672C24F-EF29-4AC0-89EA-FFA39035574D}"
EndProject
Project("{FAE04EC0-301F-11D3-BF4B-00C04F79EFBC}") = "SpecChecker.WebApplication1", "src\SpecChecker.WebApplication1\SpecChecker.WebApplication1.csproj", "{3F213454-5A3D-48B9-8DA3-BF1D56A6837E}"
EndProject
Project("{2150E333-8FDC-42A3-9474-1A3956D46DE8}") = "doc", "doc", "{5C66F9C5-B5D1-47E6-99B0-7563BFD940BA}"
	ProjectSection(SolutionItems) = preProject
		TODO.txt = TODO.txt
		部署说明.txt = 部署说明.txt
	EndProjectSection
EndProject
Project("{FAE04EC0-301F-11D3-BF4B-00C04F79EFBC}") = "SpecChecker.ScanLibrary", "src\SpecChecker.ScanLibrary\SpecChecker.ScanLibrary.csproj", "{A9683408-F0C3-4161-99D8-BEED31CC3A15}"
EndProject
Global
	GlobalSection(SolutionConfigurationPlatforms) = preSolution
		Debug|Any CPU = Debug|Any CPU
		Release|Any CPU = Release|Any CPU
	EndGlobalSection
	GlobalSection(ProjectConfigurationPlatforms) = postSolution
		{9A24BFFE-210B-4477-B36D-81B3AA6DB354}.Debug|Any CPU.ActiveCfg = Debug|Any CPU
		{9A24BFFE-210B-4477-B36D-81B3AA6DB354}.Debug|Any CPU.Build.0 = Debug|Any CPU
		{9A24BFFE-210B-4477-B36D-81B3AA6DB354}.Release|Any CPU.ActiveCfg = Release|Any CPU
		{9A24BFFE-210B-4477-B36D-81B3AA6DB354}.Release|Any CPU.Build.0 = Release|Any CPU
		{85D32B98-F06B-482B-A4D2-A2D30BFF457A}.Debug|Any CPU.ActiveCfg = Debug|Any CPU
		{85D32B98-F06B-482B-A4D2-A2D30BFF457A}.Debug|Any CPU.Build.0 = Debug|Any CPU
		{85D32B98-F06B-482B-A4D2-A2D30BFF457A}.Release|Any CPU.ActiveCfg = Release|Any CPU
		{85D32B98-F06B-482B-A4D2-A2D30BFF457A}.Release|Any CPU.Build.0 = Release|Any CPU
		{E672C24F-EF29-4AC0-89EA-FFA39035574D}.Debug|Any CPU.ActiveCfg = Debug|Any CPU
		{E672C24F-EF29-4AC0-89EA-FFA39035574D}.Debug|Any CPU.Build.0 = Debug|Any CPU
		{E672C24F-EF29-4AC0-89EA-FFA39035574D}.Release|Any CPU.ActiveCfg = Release|Any CPU
		{E672C24F-EF29-4AC0-89EA-FFA39035574D}.Release|Any CPU.Build.0 = Release|Any CPU
		{3F213454-5A3D-48B9-8DA3-BF1D56A6837E}.Debug|Any CPU.ActiveCfg = Debug|Any CPU
		{3F213454-5A3D-48B9-8DA3-BF1D56A6837E}.Debug|Any CPU.Build.0 = Debug|Any CPU
		{3F213454-5A3D-48B9-8DA3-BF1D56A6837E}.Release|Any CPU.ActiveCfg = Release|Any CPU
		{3F213454-5A3D-48B9-8DA3-BF1D56A6837E}.Release|Any CPU.Build.0 = Release|Any CPU
		{A9683408-F0C3-4161-99D8-BEED31CC3A15}.Debug|Any CPU.ActiveCfg = Debug|Any CPU
		{A9683408-F0C3-4161-99D8-BEED31CC3A15}.Debug|Any CPU.Build.0 = Debug|Any CPU
		{A9683408-F0C3-4161-99D8-BEED31CC3A15}.Release|Any CPU.ActiveCfg = Release|Any CPU
		{A9683408-F0C3-4161-99D8-BEED31CC3A15}.Release|Any CPU.Build.0 = Release|Any CPU
	EndGlobalSection
	GlobalSection(SolutionProperties) = preSolution
		HideSolutionNode = FALSE
	EndGlobalSection
EndGlobal
